
Microsoft Visual Studio Solution File, Format Version 12.00
# Visual Studio Version 17
VisualStudioVersion = 17.9.34714.143
MinimumVisualStudioVersion = 10.0.40219.1
Project("{FAE04EC0-301F-11D3-BF4B-00C04F79EFBC}") = "1111410024_余杰031", "1111410024_余杰031\1111410024_余杰031.csproj", "{B4248F9C-DAD0-4ABD-BB55-050C30E56990}"
EndProject
Global
	GlobalSection(SolutionConfigurationPlatforms) = preSolution
		Debug|Any CPU = Debug|Any CPU
		Release|Any CPU = Release|Any CPU
	EndGlobalSection
	GlobalSection(ProjectConfigurationPlatforms) = postSolution
		{B4248F9C-DAD0-4ABD-BB55-050C30E56990}.Debug|Any CPU.ActiveCfg = Debug|Any CPU
		{B4248F9C-DAD0-4ABD-BB55-050C30E56990}.Debug|Any CPU.Build.0 = Debug|Any CPU
		{B4248F9C-DAD0-4ABD-BB55-050C30E56990}.Release|Any CPU.ActiveCfg = Release|Any CPU
		{B4248F9C-DAD0-4ABD-BB55-050C30E56990}.Release|Any CPU.Build.0 = Release|Any CPU
	EndGlobalSection
	GlobalSection(SolutionProperties) = preSolution
		HideSolutionNode = FALSE
	EndGlobalSection
	GlobalSection(ExtensibilityGlobals) = postSolution
		SolutionGuid = {ABB6FCE9-9602-4CB3-B132-B25826E7CB3A}
	EndGlobalSection
EndGlobal
